// !$*UTF8*$!
{archiveVersion = 1; classes = {}; objectVersion = 56; objects = {
000000000000000000000064 = {isa = PBXFileReference; lastKnownFileType = sourcecode.swift; path = CalendarEditor.swift; sourceTree = "<group>"; };
0000000000000000000000C8 = {isa = PBXBuildFile; fileRef = 000000000000000000000064; };
000000000000000000000065 = {isa = PBXFileReference; lastKnownFileType = sourcecode.swift; path = FarmStore.swift; sourceTree = "<group>"; };
0000000000000000000000C9 = {isa = PBXBuildFile; fileRef = 000000000000000000000065; };
000000000000000000000066 = {isa = PBXFileReference; lastKnownFileType = sourcecode.swift; path = HofPilotApp.swift; sourceTree = "<group>"; };
0000000000000000000000CA = {isa = PBXBuildFile; fileRef = 000000000000000000000066; };
000000000000000000000067 = {isa = PBXFileReference; lastKnownFileType = sourcecode.swift; path = MachineViews.swift; sourceTree = "<group>"; };
0000000000000000000000CB = {isa = PBXBuildFile; fileRef = 000000000000000000000067; };
000000000000000000000068 = {isa = PBXFileReference; lastKnownFileType = sourcecode.swift; path = Models.swift; sourceTree = "<group>"; };
0000000000000000000000CC = {isa = PBXBuildFile; fileRef = 000000000000000000000068; };
000000000000000000000069 = {isa = PBXFileReference; lastKnownFileType = sourcecode.swift; path = QRViews.swift; sourceTree = "<group>"; };
0000000000000000000000CD = {isa = PBXBuildFile; fileRef = 000000000000000000000069; };
00000000000000000000006A = {isa = PBXFileReference; lastKnownFileType = sourcecode.swift; path = RootView.swift; sourceTree = "<group>"; };
0000000000000000000000CE = {isa = PBXBuildFile; fileRef = 00000000000000000000006A; };
00000000000000000000006B = {isa = PBXFileReference; lastKnownFileType = sourcecode.swift; path = TaskViews.swift; sourceTree = "<group>"; };
0000000000000000000000CF = {isa = PBXBuildFile; fileRef = 00000000000000000000006B; };
00000000000000000000012C = {isa = PBXFileReference; lastKnownFileType = folder.assetcatalog; path = Assets.xcassets; sourceTree = "<group>"; };
00000000000000000000012D = {isa = PBXBuildFile; fileRef = 00000000000000000000012C; };
00000000000000000000012E = {isa = PBXFileReference; lastKnownFileType = text.plist.xml; path = Info.plist; sourceTree = "<group>"; };
00000000000000000000012F = {isa = PBXFileReference; explicitFileType = wrapper.application; path = HofPilot.app; sourceTree = BUILT_PRODUCTS_DIR; };
000000000000000000000130 = {isa = PBXFileReference; lastKnownFileType = sourcecode.swift; path = HofPilotTests.swift; sourceTree = "<group>"; };
000000000000000000000131 = {isa = PBXBuildFile; fileRef = 000000000000000000000130; };
000000000000000000000132 = {isa = PBXFileReference; explicitFileType = wrapper.cfbundle; path = HofPilotTests.xctest; sourceTree = BUILT_PRODUCTS_DIR; };
00000000000000000000000A = {isa = PBXGroup; children = (00000000000000000000000B,00000000000000000000000D,00000000000000000000000C,); sourceTree = "<group>"; };
00000000000000000000000B = {isa = PBXGroup; children = (000000000000000000000064,000000000000000000000065,000000000000000000000066,000000000000000000000067,000000000000000000000068,000000000000000000000069,00000000000000000000006A,00000000000000000000006B,00000000000000000000012C,00000000000000000000012E,); path = HofPilot; sourceTree = "<group>"; };
00000000000000000000000C = {isa = PBXGroup; children = (00000000000000000000012F,000000000000000000000132,); name = Products; sourceTree = "<group>"; };
00000000000000000000000D = {isa = PBXGroup; children = (000000000000000000000130,); path = HofPilotTests; sourceTree = "<group>"; };
000000000000000000000014 = {isa = PBXSourcesBuildPhase; buildActionMask = 2147483647; files = (0000000000000000000000C8,0000000000000000000000C9,0000000000000000000000CA,0000000000000000000000CB,0000000000000000000000CC,0000000000000000000000CD,0000000000000000000000CE,0000000000000000000000CF,); runOnlyForDeploymentPostprocessing = 0; };
000000000000000000000015 = {isa = PBXResourcesBuildPhase; buildActionMask = 2147483647; files = (00000000000000000000012D,); runOnlyForDeploymentPostprocessing = 0; };
000000000000000000000016 = {isa = PBXFrameworksBuildPhase; buildActionMask = 2147483647; files = (); runOnlyForDeploymentPostprocessing = 0; };
000000000000000000000017 = {isa = PBXSourcesBuildPhase; buildActionMask = 2147483647; files = (000000000000000000000131,); runOnlyForDeploymentPostprocessing = 0; };
000000000000000000000018 = {isa = PBXFrameworksBuildPhase; buildActionMask = 2147483647; files = (); runOnlyForDeploymentPostprocessing = 0; };
00000000000000000000001E = {isa = PBXNativeTarget; buildConfigurationList = 000000000000000000000029; buildPhases = (000000000000000000000014,000000000000000000000016,000000000000000000000015,); buildRules = (); dependencies = (); name = HofPilot; productName = HofPilot; productReference = 00000000000000000000012F; productType = "com.apple.product-type.application"; };
00000000000000000000001F = {isa = PBXNativeTarget; buildConfigurationList = 00000000000000000000002A; buildPhases = (000000000000000000000017,000000000000000000000018,); buildRules = (); dependencies = (000000000000000000000021,); name = HofPilotTests; productName = HofPilotTests; productReference = 000000000000000000000132; productType = "com.apple.product-type.bundle.unit-test"; };
000000000000000000000020 = {isa = PBXContainerItemProxy; containerPortal = 000000000000000000000001; proxyType = 1; remoteGlobalIDString = 00000000000000000000001E; remoteInfo = HofPilot; };
000000000000000000000021 = {isa = PBXTargetDependency; target = 00000000000000000000001E; targetProxy = 000000000000000000000020; };
000000000000000000000032 = {isa = XCBuildConfiguration; buildSettings = {CLANG_ENABLE_MODULES = YES; SDKROOT = iphoneos; IPHONEOS_DEPLOYMENT_TARGET = 17.0; SWIFT_VERSION = 5.0; DEBUG_INFORMATION_FORMAT = dwarf; ENABLE_TESTABILITY = YES; SWIFT_OPTIMIZATION_LEVEL = "-Onone"; SWIFT_ACTIVE_COMPILATION_CONDITIONS = DEBUG;}; name = Debug; };
000000000000000000000033 = {isa = XCBuildConfiguration; buildSettings = {CLANG_ENABLE_MODULES = YES; SDKROOT = iphoneos; IPHONEOS_DEPLOYMENT_TARGET = 17.0; SWIFT_VERSION = 5.0; DEBUG_INFORMATION_FORMAT = "dwarf-with-dsym"; SWIFT_COMPILATION_MODE = wholemodule; SWIFT_OPTIMIZATION_LEVEL = "-O";}; name = Release; };
000000000000000000000034 = {isa = XCBuildConfiguration; buildSettings = {CODE_SIGN_STYLE = Automatic; DEVELOPMENT_TEAM = ""; PRODUCT_BUNDLE_IDENTIFIER = de.hofpilot.prototype; PRODUCT_NAME = "$(TARGET_NAME)"; INFOPLIST_FILE = HofPilot/Info.plist; TARGETED_DEVICE_FAMILY = "1,2"; SUPPORTED_PLATFORMS = "iphoneos iphonesimulator"; SWIFT_EMIT_LOC_STRINGS = YES; LD_RUNPATH_SEARCH_PATHS = ("$(inherited)","@executable_path/Frameworks"); }; name = Debug; };
000000000000000000000035 = {isa = XCBuildConfiguration; buildSettings = {CODE_SIGN_STYLE = Automatic; DEVELOPMENT_TEAM = ""; PRODUCT_BUNDLE_IDENTIFIER = de.hofpilot.prototype; PRODUCT_NAME = "$(TARGET_NAME)"; INFOPLIST_FILE = HofPilot/Info.plist; TARGETED_DEVICE_FAMILY = "1,2"; SUPPORTED_PLATFORMS = "iphoneos iphonesimulator"; SWIFT_EMIT_LOC_STRINGS = YES; LD_RUNPATH_SEARCH_PATHS = ("$(inherited)","@executable_path/Frameworks"); }; name = Release; };
000000000000000000000036 = {isa = XCBuildConfiguration; buildSettings = {CODE_SIGN_STYLE = Automatic; DEVELOPMENT_TEAM = ""; PRODUCT_BUNDLE_IDENTIFIER = de.hofpilot.prototype.tests; PRODUCT_NAME = "$(TARGET_NAME)"; GENERATE_INFOPLIST_FILE = YES; TARGETED_DEVICE_FAMILY = "1,2"; TEST_HOST = "$(BUILT_PRODUCTS_DIR)/HofPilot.app/$(BUNDLE_EXECUTABLE_FOLDER_PATH)/HofPilot"; BUNDLE_LOADER = "$(TEST_HOST)"; LD_RUNPATH_SEARCH_PATHS = ("$(inherited)","@executable_path/Frameworks","@loader_path/Frameworks"); }; name = Debug; };
000000000000000000000037 = {isa = XCBuildConfiguration; buildSettings = {CODE_SIGN_STYLE = Automatic; DEVELOPMENT_TEAM = ""; PRODUCT_BUNDLE_IDENTIFIER = de.hofpilot.prototype.tests; PRODUCT_NAME = "$(TARGET_NAME)"; GENERATE_INFOPLIST_FILE = YES; TARGETED_DEVICE_FAMILY = "1,2"; TEST_HOST = "$(BUILT_PRODUCTS_DIR)/HofPilot.app/$(BUNDLE_EXECUTABLE_FOLDER_PATH)/HofPilot"; BUNDLE_LOADER = "$(TEST_HOST)"; LD_RUNPATH_SEARCH_PATHS = ("$(inherited)","@executable_path/Frameworks","@loader_path/Frameworks"); }; name = Release; };
000000000000000000000028 = {isa = XCConfigurationList; buildConfigurations = (000000000000000000000032,000000000000000000000033,); defaultConfigurationIsVisible = 0; defaultConfigurationName = Release; };
000000000000000000000029 = {isa = XCConfigurationList; buildConfigurations = (000000000000000000000034,000000000000000000000035,); defaultConfigurationIsVisible = 0; defaultConfigurationName = Release; };
00000000000000000000002A = {isa = XCConfigurationList; buildConfigurations = (000000000000000000000036,000000000000000000000037,); defaultConfigurationIsVisible = 0; defaultConfigurationName = Release; };
000000000000000000000001 = {isa = PBXProject; attributes = {BuildIndependentTargetsInParallel = YES; LastUpgradeCheck = 1600; }; buildConfigurationList = 000000000000000000000028; compatibilityVersion = "Xcode 14.0"; developmentRegion = de; hasScannedForEncodings = 0; knownRegions = (de,en,Base); mainGroup = 00000000000000000000000A; productRefGroup = 00000000000000000000000C; projectDirPath = ""; projectRoot = ""; targets = (00000000000000000000001E,00000000000000000000001F,); };
}; rootObject = 000000000000000000000001; }
